
Microsoft Visual Studio Solution File, Format Version 12.00
# Visual Studio Version 17
VisualStudioVersion = 17.2.32616.157
MinimumVisualStudioVersion = 10.0.40219.1
Project("{FAE04EC0-301F-11D3-BF4B-00C04F79EFBC}") = "phase1section4.33 insertion sort", "phase1section4.33 insertion sort.csproj", "{C4004D84-7CAB-4C36-968C-7D2CEA5C2C75}"
EndProject
Global
	GlobalSection(SolutionConfigurationPlatforms) = preSolution
		Debug|Any CPU = Debug|Any CPU
		Release|Any CPU = Release|Any CPU
	EndGlobalSection
	GlobalSection(ProjectConfigurationPlatforms) = postSolution
		{C4004D84-7CAB-4C36-968C-7D2CEA5C2C75}.Debug|Any CPU.ActiveCfg = Debug|Any CPU
		{C4004D84-7CAB-4C36-968C-7D2CEA5C2C75}.Debug|Any CPU.Build.0 = Debug|Any CPU
		{C4004D84-7CAB-4C36-968C-7D2CEA5C2C75}.Release|Any CPU.ActiveCfg = Release|Any CPU
		{C4004D84-7CAB-4C36-968C-7D2CEA5C2C75}.Release|Any CPU.Build.0 = Release|Any CPU
	EndGlobalSection
	GlobalSection(SolutionProperties) = preSolution
		HideSolutionNode = FALSE
	EndGlobalSection
	GlobalSection(ExtensibilityGlobals) = postSolution
		SolutionGuid = {7E97CD7B-D513-40C7-9542-5873EAB7A967}
	EndGlobalSection
EndGlobal
